
Microsoft Visual Studio Solution File, Format Version 12.00
# Visual Studio Version 17
VisualStudioVersion = 17.10.34928.147
MinimumVisualStudioVersion = 10.0.40219.1
Project("{FAE04EC0-301F-11D3-BF4B-00C04F79EFBC}") = "Locacao", "Locacao\Locacao.csproj", "{12CDBBD6-A4F9-4055-A5A0-0A6D5F8F0BFC}"
EndProject
Project("{FAE04EC0-301F-11D3-BF4B-00C04F79EFBC}") = "Locacao.Service", "Locacao.Service\Locacao.Service.csproj", "{1B2D25C9-E679-42D4-BDFB-105A5962A2DD}"
EndProject
Project("{FAE04EC0-301F-11D3-BF4B-00C04F79EFBC}") = "Locacao.Repository", "Locacao.Repository\Locacao.Repository.csproj", "{CF38BD31-4965-4556-B89A-88AAE31B5460}"
EndProject
Project("{FAE04EC0-301F-11D3-BF4B-00C04F79EFBC}") = "Locacao.Test", "Locacao.Test\Locacao.Test.csproj", "{5A9EA088-52AD-449C-880F-8EFCD6BF096D}"
EndProject
Global
	GlobalSection(SolutionConfigurationPlatforms) = preSolution
		Debug|Any CPU = Debug|Any CPU
		Release|Any CPU = Release|Any CPU
	EndGlobalSection
	GlobalSection(ProjectConfigurationPlatforms) = postSolution
		{12CDBBD6-A4F9-4055-A5A0-0A6D5F8F0BFC}.Debug|Any CPU.ActiveCfg = Debug|Any CPU
		{12CDBBD6-A4F9-4055-A5A0-0A6D5F8F0BFC}.Debug|Any CPU.Build.0 = Debug|Any CPU
		{12CDBBD6-A4F9-4055-A5A0-0A6D5F8F0BFC}.Release|Any CPU.ActiveCfg = Release|Any CPU
		{12CDBBD6-A4F9-4055-A5A0-0A6D5F8F0BFC}.Release|Any CPU.Build.0 = Release|Any CPU
		{1B2D25C9-E679-42D4-BDFB-105A5962A2DD}.Debug|Any CPU.ActiveCfg = Debug|Any CPU
		{1B2D25C9-E679-42D4-BDFB-105A5962A2DD}.Debug|Any CPU.Build.0 = Debug|Any CPU
		{1B2D25C9-E679-42D4-BDFB-105A5962A2DD}.Release|Any CPU.ActiveCfg = Release|Any CPU
		{1B2D25C9-E679-42D4-BDFB-105A5962A2DD}.Release|Any CPU.Build.0 = Release|Any CPU
		{CF38BD31-4965-4556-B89A-88AAE31B5460}.Debug|Any CPU.ActiveCfg = Debug|Any CPU
		{CF38BD31-4965-4556-B89A-88AAE31B5460}.Debug|Any CPU.Build.0 = Debug|Any CPU
		{CF38BD31-4965-4556-B89A-88AAE31B5460}.Release|Any CPU.ActiveCfg = Release|Any CPU
		{CF38BD31-4965-4556-B89A-88AAE31B5460}.Release|Any CPU.Build.0 = Release|Any CPU
		{5A9EA088-52AD-449C-880F-8EFCD6BF096D}.Debug|Any CPU.ActiveCfg = Debug|Any CPU
		{5A9EA088-52AD-449C-880F-8EFCD6BF096D}.Debug|Any CPU.Build.0 = Debug|Any CPU
		{5A9EA088-52AD-449C-880F-8EFCD6BF096D}.Release|Any CPU.ActiveCfg = Release|Any CPU
		{5A9EA088-52AD-449C-880F-8EFCD6BF096D}.Release|Any CPU.Build.0 = Release|Any CPU
	EndGlobalSection
	GlobalSection(SolutionProperties) = preSolution
		HideSolutionNode = FALSE
	EndGlobalSection
	GlobalSection(ExtensibilityGlobals) = postSolution
		SolutionGuid = {B50D2AF4-0928-48BC-BB69-318661B96750}
	EndGlobalSection
EndGlobal
